
Microsoft Visual Studio Solution File, Format Version 12.00
# Visual Studio Version 16
VisualStudioVersion = 16.0.30503.244
MinimumVisualStudioVersion = 10.0.40219.1
Project("{FAE04EC0-301F-11D3-BF4B-00C04F79EFBC}") = "Informe_POO", "Informe_POO\Informe_POO.csproj", "{23C703D5-C929-4498-B317-43587FB214A8}"
EndProject
Global
	GlobalSection(SolutionConfigurationPlatforms) = preSolution
		Debug|Any CPU = Debug|Any CPU
		Release|Any CPU = Release|Any CPU
	EndGlobalSection
	GlobalSection(ProjectConfigurationPlatforms) = postSolution
		{23C703D5-C929-4498-B317-43587FB214A8}.Debug|Any CPU.ActiveCfg = Debug|Any CPU
		{23C703D5-C929-4498-B317-43587FB214A8}.Debug|Any CPU.Build.0 = Debug|Any CPU
		{23C703D5-C929-4498-B317-43587FB214A8}.Release|Any CPU.ActiveCfg = Release|Any CPU
		{23C703D5-C929-4498-B317-43587FB214A8}.Release|Any CPU.Build.0 = Release|Any CPU
	EndGlobalSection
	GlobalSection(SolutionProperties) = preSolution
		HideSolutionNode = FALSE
	EndGlobalSection
	GlobalSection(ExtensibilityGlobals) = postSolution
		SolutionGuid = {0F0574D2-073D-438F-BA33-EDB385E8BA0C}
	EndGlobalSection
EndGlobal
